
Microsoft Visual Studio Solution File, Format Version 12.00
# Visual Studio 15
VisualStudioVersion = 15.0.26430.4
MinimumVisualStudioVersion = 10.0.40219.1
Project("{FAE04EC0-301F-11D3-BF4B-00C04F79EFBC}") = "DataAccessLibrary", "DataAccessLibrary\DataAccessLibrary.csproj", "{39ED2771-0B5D-4E59-9A36-C29485548FF8}"
EndProject
Project("{FAE04EC0-301F-11D3-BF4B-00C04F79EFBC}") = "DALTest", "DALTest\DALTest.csproj", "{BF6226E4-E03B-4F58-943C-9EDFB45E2022}"
EndProject
Project("{FAE04EC0-301F-11D3-BF4B-00C04F79EFBC}") = "DALTools", "DALTools\DALTools.csproj", "{120FF6BC-EB22-4C7D-BF8A-6763B865C4E6}"
EndProject
Project("{FAE04EC0-301F-11D3-BF4B-00C04F79EFBC}") = "EMApp", "EMApp\EMApp.csproj", "{96E31C38-C1CA-4F9F-B97F-87E785606A69}"
EndProject
Project("{FAE04EC0-301F-11D3-BF4B-00C04F79EFBC}") = "EMApp.Tests", "EMApp.Tests\EMApp.Tests.csproj", "{7E26EFF4-2646-4D76-88D5-A800DE710381}"
EndProject
Global
	GlobalSection(SolutionConfigurationPlatforms) = preSolution
		Debug|Any CPU = Debug|Any CPU
		Release|Any CPU = Release|Any CPU
	EndGlobalSection
	GlobalSection(ProjectConfigurationPlatforms) = postSolution
		{39ED2771-0B5D-4E59-9A36-C29485548FF8}.Debug|Any CPU.ActiveCfg = Debug|Any CPU
		{39ED2771-0B5D-4E59-9A36-C29485548FF8}.Debug|Any CPU.Build.0 = Debug|Any CPU
		{39ED2771-0B5D-4E59-9A36-C29485548FF8}.Release|Any CPU.ActiveCfg = Release|Any CPU
		{39ED2771-0B5D-4E59-9A36-C29485548FF8}.Release|Any CPU.Build.0 = Release|Any CPU
		{BF6226E4-E03B-4F58-943C-9EDFB45E2022}.Debug|Any CPU.ActiveCfg = Debug|Any CPU
		{BF6226E4-E03B-4F58-943C-9EDFB45E2022}.Debug|Any CPU.Build.0 = Debug|Any CPU
		{BF6226E4-E03B-4F58-943C-9EDFB45E2022}.Release|Any CPU.ActiveCfg = Release|Any CPU
		{BF6226E4-E03B-4F58-943C-9EDFB45E2022}.Release|Any CPU.Build.0 = Release|Any CPU
		{120FF6BC-EB22-4C7D-BF8A-6763B865C4E6}.Debug|Any CPU.ActiveCfg = Debug|Any CPU
		{120FF6BC-EB22-4C7D-BF8A-6763B865C4E6}.Debug|Any CPU.Build.0 = Debug|Any CPU
		{120FF6BC-EB22-4C7D-BF8A-6763B865C4E6}.Release|Any CPU.ActiveCfg = Release|Any CPU
		{120FF6BC-EB22-4C7D-BF8A-6763B865C4E6}.Release|Any CPU.Build.0 = Release|Any CPU
		{96E31C38-C1CA-4F9F-B97F-87E785606A69}.Debug|Any CPU.ActiveCfg = Debug|Any CPU
		{96E31C38-C1CA-4F9F-B97F-87E785606A69}.Debug|Any CPU.Build.0 = Debug|Any CPU
		{96E31C38-C1CA-4F9F-B97F-87E785606A69}.Release|Any CPU.ActiveCfg = Release|Any CPU
		{96E31C38-C1CA-4F9F-B97F-87E785606A69}.Release|Any CPU.Build.0 = Release|Any CPU
		{7E26EFF4-2646-4D76-88D5-A800DE710381}.Debug|Any CPU.ActiveCfg = Debug|Any CPU
		{7E26EFF4-2646-4D76-88D5-A800DE710381}.Debug|Any CPU.Build.0 = Debug|Any CPU
		{7E26EFF4-2646-4D76-88D5-A800DE710381}.Release|Any CPU.ActiveCfg = Release|Any CPU
		{7E26EFF4-2646-4D76-88D5-A800DE710381}.Release|Any CPU.Build.0 = Release|Any CPU
	EndGlobalSection
	GlobalSection(SolutionProperties) = preSolution
		HideSolutionNode = FALSE
	EndGlobalSection
	GlobalSection(TeamFoundationVersionControl) = preSolution
		SccNumberOfProjects = 6
		SccEnterpriseProvider = {4CA58AB2-18FA-4F8D-95D4-32DDF27D184C}
		SccTeamFoundationServer = https://blueapple11.visualstudio.com/
		SccLocalPath0 = .
		SccProjectUniqueName1 = DALTest\\DALTest.csproj
		SccProjectName1 = DALTest
		SccLocalPath1 = DALTest
		SccProjectUniqueName2 = DALTools\\DALTools.csproj
		SccProjectName2 = DALTools
		SccLocalPath2 = DALTools
		SccProjectUniqueName3 = DataAccessLibrary\\DataAccessLibrary.csproj
		SccProjectName3 = DataAccessLibrary
		SccLocalPath3 = DataAccessLibrary
		SccProjectUniqueName4 = EMApp.Tests\\EMApp.Tests.csproj
		SccProjectName4 = EMApp.Tests
		SccLocalPath4 = EMApp.Tests
		SccProjectUniqueName5 = EMApp\\EMApp.csproj
		SccProjectName5 = EMApp
		SccLocalPath5 = EMApp
	EndGlobalSection
EndGlobal
