
Microsoft Visual Studio Solution File, Format Version 12.00
# Visual Studio 15
VisualStudioVersion = 15.0.28307.168
MinimumVisualStudioVersion = 10.0.40219.1
Project("{FAE04EC0-301F-11D3-BF4B-00C04F79EFBC}") = "SampleUITests", "SampleUITests\SampleUITests.csproj", "{BF75BDD1-5746-4AD7-9152-306321F3F3EA}"
EndProject
Project("{FAE04EC0-301F-11D3-BF4B-00C04F79EFBC}") = "SampleUITestFramework", "SampleUITestFramework\SampleUITestFramework.csproj", "{1CB8C8DF-0067-4795-8D61-2554DBBFCB36}"
EndProject
Global
	GlobalSection(SolutionConfigurationPlatforms) = preSolution
		Debug|Any CPU = Debug|Any CPU
		Release|Any CPU = Release|Any CPU
	EndGlobalSection
	GlobalSection(ProjectConfigurationPlatforms) = postSolution
		{BF75BDD1-5746-4AD7-9152-306321F3F3EA}.Debug|Any CPU.ActiveCfg = Debug|Any CPU
		{BF75BDD1-5746-4AD7-9152-306321F3F3EA}.Debug|Any CPU.Build.0 = Debug|Any CPU
		{BF75BDD1-5746-4AD7-9152-306321F3F3EA}.Release|Any CPU.ActiveCfg = Release|Any CPU
		{BF75BDD1-5746-4AD7-9152-306321F3F3EA}.Release|Any CPU.Build.0 = Release|Any CPU
		{1CB8C8DF-0067-4795-8D61-2554DBBFCB36}.Debug|Any CPU.ActiveCfg = Debug|Any CPU
		{1CB8C8DF-0067-4795-8D61-2554DBBFCB36}.Debug|Any CPU.Build.0 = Debug|Any CPU
		{1CB8C8DF-0067-4795-8D61-2554DBBFCB36}.Release|Any CPU.ActiveCfg = Release|Any CPU
		{1CB8C8DF-0067-4795-8D61-2554DBBFCB36}.Release|Any CPU.Build.0 = Release|Any CPU
	EndGlobalSection
	GlobalSection(SolutionProperties) = preSolution
		HideSolutionNode = FALSE
	EndGlobalSection
	GlobalSection(ExtensibilityGlobals) = postSolution
		SolutionGuid = {2CBF34C7-DB12-4C1C-9EE5-6862A8DDA32F}
	EndGlobalSection
EndGlobal
